// !$*UTF8*$!
{
	archiveVersion = 1;
	classes = {
	};
	objectVersion = 56;
	objects = {

/* Begin PBXBuildFile section */
		6253B4B72A5E041300E2D9BB /* MenuViewController.swift in Sources */ = {isa = PBXBuildFile; fileRef = 6253B4B62A5E041300E2D9BB /* MenuViewController.swift */; };
		6253B4BB2A64834B00E2D9BB /* HomeViewController.swift in Sources */ = {isa = PBXBuildFile; fileRef = 6253B4BA2A64834B00E2D9BB /* HomeViewController.swift */; };
		626FA7232A14081A00C0F9AF /* AppDelegate.swift in Sources */ = {isa = PBXBuildFile; fileRef = 626FA7222A14081A00C0F9AF /* AppDelegate.swift */; };
		626FA7252A14081A00C0F9AF /* SceneDelegate.swift in Sources */ = {isa = PBXBuildFile; fileRef = 626FA7242A14081A00C0F9AF /* SceneDelegate.swift */; };
		626FA7272A14081A00C0F9AF /* TranslatorViewController.swift in Sources */ = {isa = PBXBuildFile; fileRef = 626FA7262A14081A00C0F9AF /* TranslatorViewController.swift */; };
		626FA72A2A14081A00C0F9AF /* Main.storyboard in Resources */ = {isa = PBXBuildFile; fileRef = 626FA7282A14081A00C0F9AF /* Main.storyboard */; };
		626FA72C2A14081B00C0F9AF /* Assets.xcassets in Resources */ = {isa = PBXBuildFile; fileRef = 626FA72B2A14081B00C0F9AF /* Assets.xcassets */; };
		626FA72F2A14081B00C0F9AF /* LaunchScreen.storyboard in Resources */ = {isa = PBXBuildFile; fileRef = 626FA72D2A14081B00C0F9AF /* LaunchScreen.storyboard */; };
		626FA7372A14083100C0F9AF /* TranslationData.swift in Sources */ = {isa = PBXBuildFile; fileRef = 626FA7362A14083100C0F9AF /* TranslationData.swift */; };
		626FA7392A14084A00C0F9AF /* TranslationManager.swift in Sources */ = {isa = PBXBuildFile; fileRef = 626FA7382A14084A00C0F9AF /* TranslationManager.swift */; };
		6299A7932A181EDD00860A14 /* AITranslateBackground.pdf in Resources */ = {isa = PBXBuildFile; fileRef = 6299A7922A181EDD00860A14 /* AITranslateBackground.pdf */; };
		6299A7952A1C17F000860A14 /* README.md in Resources */ = {isa = PBXBuildFile; fileRef = 6299A7942A1C17F000860A14 /* README.md */; };
		6299A7972A1D596F00860A14 /* TextReaderManager.swift in Sources */ = {isa = PBXBuildFile; fileRef = 6299A7962A1D596F00860A14 /* TextReaderManager.swift */; };
		62B783A22A1D699600BB9870 /* ReadData.swift in Sources */ = {isa = PBXBuildFile; fileRef = 62B783A12A1D699600BB9870 /* ReadData.swift */; };
		62C24E552A4CC68D00A1B334 /* UserViewController.swift in Sources */ = {isa = PBXBuildFile; fileRef = 62C24E542A4CC68D00A1B334 /* UserViewController.swift */; };
		62C24E572A4CC6A500A1B334 /* RegisterViewController.swift in Sources */ = {isa = PBXBuildFile; fileRef = 62C24E562A4CC6A500A1B334 /* RegisterViewController.swift */; };
		62C24E592A4CC6B600A1B334 /* LoginViewController.swift in Sources */ = {isa = PBXBuildFile; fileRef = 62C24E582A4CC6B600A1B334 /* LoginViewController.swift */; };
		62C24E5B2A4CCAEA00A1B334 /* GoogleService-Info.plist in Resources */ = {isa = PBXBuildFile; fileRef = 62C24E5A2A4CCAEA00A1B334 /* GoogleService-Info.plist */; };
		62C24E5D2A4E2EC600A1B334 /* SavedTranslationsViewController.swift in Sources */ = {isa = PBXBuildFile; fileRef = 62C24E5C2A4E2EC600A1B334 /* SavedTranslationsViewController.swift */; };
		62C24E5F2A4E2F4500A1B334 /* Translation.swift in Sources */ = {isa = PBXBuildFile; fileRef = 62C24E5E2A4E2F4500A1B334 /* Translation.swift */; };
		62C24E612A4E2FD000A1B334 /* Constants.swift in Sources */ = {isa = PBXBuildFile; fileRef = 62C24E602A4E2FD000A1B334 /* Constants.swift */; };
		62C24E642A4E347900A1B334 /* TranslationCell.swift in Sources */ = {isa = PBXBuildFile; fileRef = 62C24E622A4E347900A1B334 /* TranslationCell.swift */; };
		62C24E652A4E347900A1B334 /* TranslationCell.xib in Resources */ = {isa = PBXBuildFile; fileRef = 62C24E632A4E347900A1B334 /* TranslationCell.xib */; };
		62C24E6D2A58A87B00A1B334 /* DetailedViewController.swift in Sources */ = {isa = PBXBuildFile; fileRef = 62C24E6C2A58A87B00A1B334 /* DetailedViewController.swift */; };
		DF2FC574E8981CD2EA8CEABD /* Pods_AI_Translate.framework in Frameworks */ = {isa = PBXBuildFile; fileRef = 3B580202C589E2A2AFEF74E0 /* Pods_AI_Translate.framework */; };
/* End PBXBuildFile section */

/* Begin PBXFileReference section */
		3B580202C589E2A2AFEF74E0 /* Pods_AI_Translate.framework */ = {isa = PBXFileReference; explicitFileType = wrapper.framework; includeInIndex = 0; path = Pods_AI_Translate.framework; sourceTree = BUILT_PRODUCTS_DIR; };
		6253B4B62A5E041300E2D9BB /* MenuViewController.swift */ = {isa = PBXFileReference; lastKnownFileType = sourcecode.swift; path = MenuViewController.swift; sourceTree = "<group>"; };
		6253B4BA2A64834B00E2D9BB /* HomeViewController.swift */ = {isa = PBXFileReference; lastKnownFileType = sourcecode.swift; path = HomeViewController.swift; sourceTree = "<group>"; };
		626FA71F2A14081A00C0F9AF /* AI Translate.app */ = {isa = PBXFileReference; explicitFileType = wrapper.application; includeInIndex = 0; path = "AI Translate.app"; sourceTree = BUILT_PRODUCTS_DIR; };
		626FA7222A14081A00C0F9AF /* AppDelegate.swift */ = {isa = PBXFileReference; lastKnownFileType = sourcecode.swift; path = AppDelegate.swift; sourceTree = "<group>"; };
		626FA7242A14081A00C0F9AF /* SceneDelegate.swift */ = {isa = PBXFileReference; lastKnownFileType = sourcecode.swift; path = SceneDelegate.swift; sourceTree = "<group>"; };
		626FA7262A14081A00C0F9AF /* TranslatorViewController.swift */ = {isa = PBXFileReference; lastKnownFileType = sourcecode.swift; path = TranslatorViewController.swift; sourceTree = "<group>"; };
		626FA7292A14081A00C0F9AF /* Base */ = {isa = PBXFileReference; lastKnownFileType = file.storyboard; name = Base; path = Base.lproj/Main.storyboard; sourceTree = "<group>"; };
		626FA72B2A14081B00C0F9AF /* Assets.xcassets */ = {isa = PBXFileReference; lastKnownFileType = folder.assetcatalog; path = Assets.xcassets; sourceTree = "<group>"; };
		626FA72E2A14081B00C0F9AF /* Base */ = {isa = PBXFileReference; lastKnownFileType = file.storyboard; name = Base; path = Base.lproj/LaunchScreen.storyboard; sourceTree = "<group>"; };
		626FA7302A14081B00C0F9AF /* Info.plist */ = {isa = PBXFileReference; lastKnownFileType = text.plist.xml; path = Info.plist; sourceTree = "<group>"; };
		626FA7362A14083100C0F9AF /* TranslationData.swift */ = {isa = PBXFileReference; lastKnownFileType = sourcecode.swift; path = TranslationData.swift; sourceTree = "<group>"; };
		626FA7382A14084A00C0F9AF /* TranslationManager.swift */ = {isa = PBXFileReference; lastKnownFileType = sourcecode.swift; path = TranslationManager.swift; sourceTree = "<group>"; };
		6299A7922A181EDD00860A14 /* AITranslateBackground.pdf */ = {isa = PBXFileReference; lastKnownFileType = image.pdf; path = AITranslateBackground.pdf; sourceTree = "<group>"; };
		6299A7942A1C17F000860A14 /* README.md */ = {isa = PBXFileReference; fileEncoding = 4; lastKnownFileType = net.daringfireball.markdown; path = README.md; sourceTree = "<group>"; };
		6299A7962A1D596F00860A14 /* TextReaderManager.swift */ = {isa = PBXFileReference; lastKnownFileType = sourcecode.swift; path = TextReaderManager.swift; sourceTree = "<group>"; };
		62B783A12A1D699600BB9870 /* ReadData.swift */ = {isa = PBXFileReference; lastKnownFileType = sourcecode.swift; path = ReadData.swift; sourceTree = "<group>"; };
		62C24E542A4CC68D00A1B334 /* UserViewController.swift */ = {isa = PBXFileReference; lastKnownFileType = sourcecode.swift; path = UserViewController.swift; sourceTree = "<group>"; };
		62C24E562A4CC6A500A1B334 /* RegisterViewController.swift */ = {isa = PBXFileReference; lastKnownFileType = sourcecode.swift; path = RegisterViewController.swift; sourceTree = "<group>"; };
		62C24E582A4CC6B600A1B334 /* LoginViewController.swift */ = {isa = PBXFileReference; lastKnownFileType = sourcecode.swift; path = LoginViewController.swift; sourceTree = "<group>"; };
		62C24E5A2A4CCAEA00A1B334 /* GoogleService-Info.plist */ = {isa = PBXFileReference; fileEncoding = 4; lastKnownFileType = text.plist.xml; path = "GoogleService-Info.plist"; sourceTree = "<group>"; };
		62C24E5C2A4E2EC600A1B334 /* SavedTranslationsViewController.swift */ = {isa = PBXFileReference; lastKnownFileType = sourcecode.swift; path = SavedTranslationsViewController.swift; sourceTree = "<group>"; };
		62C24E5E2A4E2F4500A1B334 /* Translation.swift */ = {isa = PBXFileReference; lastKnownFileType = sourcecode.swift; path = Translation.swift; sourceTree = "<group>"; };
		62C24E602A4E2FD000A1B334 /* Constants.swift */ = {isa = PBXFileReference; lastKnownFileType = sourcecode.swift; path = Constants.swift; sourceTree = "<group>"; };
		62C24E622A4E347900A1B334 /* TranslationCell.swift */ = {isa = PBXFileReference; lastKnownFileType = sourcecode.swift; path = TranslationCell.swift; sourceTree = "<group>"; };
		62C24E632A4E347900A1B334 /* TranslationCell.xib */ = {isa = PBXFileReference; lastKnownFileType = file.xib; path = TranslationCell.xib; sourceTree = "<group>"; };
		62C24E6C2A58A87B00A1B334 /* DetailedViewController.swift */ = {isa = PBXFileReference; lastKnownFileType = sourcecode.swift; path = DetailedViewController.swift; sourceTree = "<group>"; };
		8A713096CDEC5475C7CA3652 /* Pods-AI Translate.debug.xcconfig */ = {isa = PBXFileReference; includeInIndex = 1; lastKnownFileType = text.xcconfig; name = "Pods-AI Translate.debug.xcconfig"; path = "Target Support Files/Pods-AI Translate/Pods-AI Translate.debug.xcconfig"; sourceTree = "<group>"; };
		A3B3D10B5DAA06C1F025EFC2 /* Pods-AI Translate.release.xcconfig */ = {isa = PBXFileReference; includeInIndex = 1; lastKnownFileType = text.xcconfig; name = "Pods-AI Translate.release.xcconfig"; path = "Target Support Files/Pods-AI Translate/Pods-AI Translate.release.xcconfig"; sourceTree = "<group>"; };
/* End PBXFileReference section */

/* Begin PBXFrameworksBuildPhase section */
		626FA71C2A14081A00C0F9AF /* Frameworks */ = {
			isa = PBXFrameworksBuildPhase;
			buildActionMask = 2147483647;
			files = (
				DF2FC574E8981CD2EA8CEABD /* Pods_AI_Translate.framework in Frameworks */,
			);
			runOnlyForDeploymentPostprocessing = 0;
		};
/* End PBXFrameworksBuildPhase section */

/* Begin PBXGroup section */
		37F362E646AC48C353A94369 /* Frameworks */ = {
			isa = PBXGroup;
			children = (
				3B580202C589E2A2AFEF74E0 /* Pods_AI_Translate.framework */,
			);
			name = Frameworks;
			sourceTree = "<group>";
		};
		5114B0265ED67F714181AB98 /* Pods */ = {
			isa = PBXGroup;
			children = (
				8A713096CDEC5475C7CA3652 /* Pods-AI Translate.debug.xcconfig */,
				A3B3D10B5DAA06C1F025EFC2 /* Pods-AI Translate.release.xcconfig */,
			);
			path = Pods;
			sourceTree = "<group>";
		};
		626FA7162A14081A00C0F9AF = {
			isa = PBXGroup;
			children = (
				6299A7942A1C17F000860A14 /* README.md */,
				626FA7212A14081A00C0F9AF /* AI Translate */,
				626FA7202A14081A00C0F9AF /* Products */,
				5114B0265ED67F714181AB98 /* Pods */,
				37F362E646AC48C353A94369 /* Frameworks */,
			);
			sourceTree = "<group>";
		};
		626FA7202A14081A00C0F9AF /* Products */ = {
			isa = PBXGroup;
			children = (
				626FA71F2A14081A00C0F9AF /* AI Translate.app */,
			);
			name = Products;
			sourceTree = "<group>";
		};
		626FA7212A14081A00C0F9AF /* AI Translate */ = {
			isa = PBXGroup;
			children = (
				626FA7222A14081A00C0F9AF /* AppDelegate.swift */,
				626FA7242A14081A00C0F9AF /* SceneDelegate.swift */,
				626FA73A2A14085100C0F9AF /* Model */,
				626FA73B2A14085700C0F9AF /* View */,
				626FA73C2A14086200C0F9AF /* Controller */,
				626FA72B2A14081B00C0F9AF /* Assets.xcassets */,
				6299A7922A181EDD00860A14 /* AITranslateBackground.pdf */,
				626FA72D2A14081B00C0F9AF /* LaunchScreen.storyboard */,
				62C24E602A4E2FD000A1B334 /* Constants.swift */,
				626FA7302A14081B00C0F9AF /* Info.plist */,
				62C24E5A2A4CCAEA00A1B334 /* GoogleService-Info.plist */,
			);
			path = "AI Translate";
			sourceTree = "<group>";
		};
		626FA73A2A14085100C0F9AF /* Model */ = {
			isa = PBXGroup;
			children = (
				626FA7382A14084A00C0F9AF /* TranslationManager.swift */,
				6299A7962A1D596F00860A14 /* TextReaderManager.swift */,
				626FA7362A14083100C0F9AF /* TranslationData.swift */,
				62B783A12A1D699600BB9870 /* ReadData.swift */,
				62C24E5E2A4E2F4500A1B334 /* Translation.swift */,
				62C24E622A4E347900A1B334 /* TranslationCell.swift */,
			);
			path = Model;
			sourceTree = "<group>";
		};
		626FA73B2A14085700C0F9AF /* View */ = {
			isa = PBXGroup;
			children = (
				626FA7282A14081A00C0F9AF /* Main.storyboard */,
				62C24E632A4E347900A1B334 /* TranslationCell.xib */,
			);
			path = View;
			sourceTree = "<group>";
		};
		626FA73C2A14086200C0F9AF /* Controller */ = {
			isa = PBXGroup;
			children = (
				6253B4BA2A64834B00E2D9BB /* HomeViewController.swift */,
				62C24E542A4CC68D00A1B334 /* UserViewController.swift */,
				62C24E562A4CC6A500A1B334 /* RegisterViewController.swift */,
				62C24E582A4CC6B600A1B334 /* LoginViewController.swift */,
				626FA7262A14081A00C0F9AF /* TranslatorViewController.swift */,
				62C24E5C2A4E2EC600A1B334 /* SavedTranslationsViewController.swift */,
				62C24E6C2A58A87B00A1B334 /* DetailedViewController.swift */,
				6253B4B62A5E041300E2D9BB /* MenuViewController.swift */,
			);
			path = Controller;
			sourceTree = "<group>";
		};
/* End PBXGroup section */

/* Begin PBXNativeTarget section */
		626FA71E2A14081A00C0F9AF /* AI Translate */ = {
			isa = PBXNativeTarget;
			buildConfigurationList = 626FA7332A14081B00C0F9AF /* Build configuration list for PBXNativeTarget "AI Translate" */;
			buildPhases = (
				203430F416057FB124921417 /* [CP] Check Pods Manifest.lock */,
				626FA71B2A14081A00C0F9AF /* Sources */,
				626FA71C2A14081A00C0F9AF /* Frameworks */,
				626FA71D2A14081A00C0F9AF /* Resources */,
				CF639A3107E1027FB64ABCED /* [CP] Embed Pods Frameworks */,
			);
			buildRules = (
			);
			dependencies = (
			);
			name = "AI Translate";
			productName = "AI Translate";
			productReference = 626FA71F2A14081A00C0F9AF /* AI Translate.app */;
			productType = "com.apple.product-type.application";
		};
/* End PBXNativeTarget section */

/* Begin PBXProject section */
		626FA7172A14081A00C0F9AF /* Project object */ = {
			isa = PBXProject;
			attributes = {
				BuildIndependentTargetsInParallel = 1;
				LastSwiftUpdateCheck = 1420;
				LastUpgradeCheck = 1420;
				TargetAttributes = {
					626FA71E2A14081A00C0F9AF = {
						CreatedOnToolsVersion = 14.2;
					};
				};
			};
			buildConfigurationList = 626FA71A2A14081A00C0F9AF /* Build configuration list for PBXProject "AI Translate" */;
			compatibilityVersion = "Xcode 14.0";
			developmentRegion = en;
			hasScannedForEncodings = 0;
			knownRegions = (
				en,
				Base,
			);
			mainGroup = 626FA7162A14081A00C0F9AF;
			productRefGroup = 626FA7202A14081A00C0F9AF /* Products */;
			projectDirPath = "";
			projectRoot = "";
			targets = (
				626FA71E2A14081A00C0F9AF /* AI Translate */,
			);
		};
/* End PBXProject section */

/* Begin PBXResourcesBuildPhase section */
		626FA71D2A14081A00C0F9AF /* Resources */ = {
			isa = PBXResourcesBuildPhase;
			buildActionMask = 2147483647;
			files = (
				626FA72F2A14081B00C0F9AF /* LaunchScreen.storyboard in Resources */,
				62C24E652A4E347900A1B334 /* TranslationCell.xib in Resources */,
				626FA72C2A14081B00C0F9AF /* Assets.xcassets in Resources */,
				6299A7952A1C17F000860A14 /* README.md in Resources */,
				6299A7932A181EDD00860A14 /* AITranslateBackground.pdf in Resources */,
				626FA72A2A14081A00C0F9AF /* Main.storyboard in Resources */,
				62C24E5B2A4CCAEA00A1B334 /* GoogleService-Info.plist in Resources */,
			);
			runOnlyForDeploymentPostprocessing = 0;
		};
/* End PBXResourcesBuildPhase section */

/* Begin PBXShellScriptBuildPhase section */
		203430F416057FB124921417 /* [CP] Check Pods Manifest.lock */ = {
			isa = PBXShellScriptBuildPhase;
			buildActionMask = 2147483647;
			files = (
			);
			inputFileListPaths = (
			);
			inputPaths = (
				"${PODS_PODFILE_DIR_PATH}/Podfile.lock",
				"${PODS_ROOT}/Manifest.lock",
			);
			name = "[CP] Check Pods Manifest.lock";
			outputFileListPaths = (
			);
			outputPaths = (
				"$(DERIVED_FILE_DIR)/Pods-AI Translate-checkManifestLockResult.txt",
			);
			runOnlyForDeploymentPostprocessing = 0;
			shellPath = /bin/sh;
			shellScript = "diff \"${PODS_PODFILE_DIR_PATH}/Podfile.lock\" \"${PODS_ROOT}/Manifest.lock\" > /dev/null\nif [ $? != 0 ] ; then\n    # print error to STDERR\n    echo \"error: The sandbox is not in sync with the Podfile.lock. Run 'pod install' or update your CocoaPods installation.\" >&2\n    exit 1\nfi\n# This output is used by Xcode 'outputs' to avoid re-running this script phase.\necho \"SUCCESS\" > \"${SCRIPT_OUTPUT_FILE_0}\"\n";
			showEnvVarsInLog = 0;
		};
		CF639A3107E1027FB64ABCED /* [CP] Embed Pods Frameworks */ = {
			isa = PBXShellScriptBuildPhase;
			buildActionMask = 2147483647;
			files = (
			);
			inputFileListPaths = (
				"${PODS_ROOT}/Target Support Files/Pods-AI Translate/Pods-AI Translate-frameworks-${CONFIGURATION}-input-files.xcfilelist",
			);
			name = "[CP] Embed Pods Frameworks";
			outputFileListPaths = (
				"${PODS_ROOT}/Target Support Files/Pods-AI Translate/Pods-AI Translate-frameworks-${CONFIGURATION}-output-files.xcfilelist",
			);
			runOnlyForDeploymentPostprocessing = 0;
			shellPath = /bin/sh;
			shellScript = "\"${PODS_ROOT}/Target Support Files/Pods-AI Translate/Pods-AI Translate-frameworks.sh\"\n";
			showEnvVarsInLog = 0;
		};
/* End PBXShellScriptBuildPhase section */

/* Begin PBXSourcesBuildPhase section */
		626FA71B2A14081A00C0F9AF /* Sources */ = {
			isa = PBXSourcesBuildPhase;
			buildActionMask = 2147483647;
			files = (
				62C24E572A4CC6A500A1B334 /* RegisterViewController.swift in Sources */,
				62C24E5D2A4E2EC600A1B334 /* SavedTranslationsViewController.swift in Sources */,
				62C24E6D2A58A87B00A1B334 /* DetailedViewController.swift in Sources */,
				6253B4BB2A64834B00E2D9BB /* HomeViewController.swift in Sources */,
				626FA7272A14081A00C0F9AF /* TranslatorViewController.swift in Sources */,
				626FA7372A14083100C0F9AF /* TranslationData.swift in Sources */,
				62B783A22A1D699600BB9870 /* ReadData.swift in Sources */,
				62C24E642A4E347900A1B334 /* TranslationCell.swift in Sources */,
				6253B4B72A5E041300E2D9BB /* MenuViewController.swift in Sources */,
				62C24E552A4CC68D00A1B334 /* UserViewController.swift in Sources */,
				626FA7392A14084A00C0F9AF /* TranslationManager.swift in Sources */,
				62C24E612A4E2FD000A1B334 /* Constants.swift in Sources */,
				6299A7972A1D596F00860A14 /* TextReaderManager.swift in Sources */,
				626FA7232A14081A00C0F9AF /* AppDelegate.swift in Sources */,
				62C24E592A4CC6B600A1B334 /* LoginViewController.swift in Sources */,
				626FA7252A14081A00C0F9AF /* SceneDelegate.swift in Sources */,
				62C24E5F2A4E2F4500A1B334 /* Translation.swift in Sources */,
			);
			runOnlyForDeploymentPostprocessing = 0;
		};
/* End PBXSourcesBuildPhase section */

/* Begin PBXVariantGroup section */
		626FA7282A14081A00C0F9AF /* Main.storyboard */ = {
			isa = PBXVariantGroup;
			children = (
				626FA7292A14081A00C0F9AF /* Base */,
			);
			name = Main.storyboard;
			sourceTree = "<group>";
		};
		626FA72D2A14081B00C0F9AF /* LaunchScreen.storyboard */ = {
			isa = PBXVariantGroup;
			children = (
				626FA72E2A14081B00C0F9AF /* Base */,
			);
			name = LaunchScreen.storyboard;
			sourceTree = "<group>";
		};
/* End PBXVariantGroup section */

/* Begin XCBuildConfiguration section */
		626FA7312A14081B00C0F9AF /* Debug */ = {
			isa = XCBuildConfiguration;
			buildSettings = {
				ALWAYS_SEARCH_USER_PATHS = NO;
				CLANG_ANALYZER_NONNULL = YES;
				CLANG_ANALYZER_NUMBER_OBJECT_CONVERSION = YES_AGGRESSIVE;
				CLANG_CXX_LANGUAGE_STANDARD = "gnu++20";
				CLANG_ENABLE_MODULES = YES;
				CLANG_ENABLE_OBJC_ARC = YES;
				CLANG_ENABLE_OBJC_WEAK = YES;
				CLANG_WARN_BLOCK_CAPTURE_AUTORELEASING = YES;
				CLANG_WARN_BOOL_CONVERSION = YES;
				CLANG_WARN_COMMA = YES;
				CLANG_WARN_CONSTANT_CONVERSION = YES;
				CLANG_WARN_DEPRECATED_OBJC_IMPLEMENTATIONS = YES;
				CLANG_WARN_DIRECT_OBJC_ISA_USAGE = YES_ERROR;
				CLANG_WARN_DOCUMENTATION_COMMENTS = YES;
				CLANG_WARN_EMPTY_BODY = YES;
				CLANG_WARN_ENUM_CONVERSION = YES;
				CLANG_WARN_INFINITE_RECURSION = YES;
				CLANG_WARN_INT_CONVERSION = YES;
				CLANG_WARN_NON_LITERAL_NULL_CONVERSION = YES;
				CLANG_WARN_OBJC_IMPLICIT_RETAIN_SELF = YES;
				CLANG_WARN_OBJC_LITERAL_CONVERSION = YES;
				CLANG_WARN_OBJC_ROOT_CLASS = YES_ERROR;
				CLANG_WARN_QUOTED_INCLUDE_IN_FRAMEWORK_HEADER = YES;
				CLANG_WARN_RANGE_LOOP_ANALYSIS = YES;
				CLANG_WARN_STRICT_PROTOTYPES = YES;
				CLANG_WARN_SUSPICIOUS_MOVE = YES;
				CLANG_WARN_UNGUARDED_AVAILABILITY = YES_AGGRESSIVE;
				CLANG_WARN_UNREACHABLE_CODE = YES;
				CLANG_WARN__DUPLICATE_METHOD_MATCH = YES;
				COPY_PHASE_STRIP = NO;
				DEBUG_INFORMATION_FORMAT = dwarf;
				ENABLE_STRICT_OBJC_MSGSEND = YES;
				ENABLE_TESTABILITY = YES;
				GCC_C_LANGUAGE_STANDARD = gnu11;
				GCC_DYNAMIC_NO_PIC = NO;
				GCC_NO_COMMON_BLOCKS = YES;
				GCC_OPTIMIZATION_LEVEL = 0;
				GCC_PREPROCESSOR_DEFINITIONS = (
					"DEBUG=1",
					"$(inherited)",
				);
				GCC_WARN_64_TO_32_BIT_CONVERSION = YES;
				GCC_WARN_ABOUT_RETURN_TYPE = YES_ERROR;
				GCC_WARN_UNDECLARED_SELECTOR = YES;
				GCC_WARN_UNINITIALIZED_AUTOS = YES_AGGRESSIVE;
				GCC_WARN_UNUSED_FUNCTION = YES;
				GCC_WARN_UNUSED_VARIABLE = YES;
				IPHONEOS_DEPLOYMENT_TARGET = 16.2;
				MTL_ENABLE_DEBUG_INFO = INCLUDE_SOURCE;
				MTL_FAST_MATH = YES;
				ONLY_ACTIVE_ARCH = YES;
				SDKROOT = iphoneos;
				SWIFT_ACTIVE_COMPILATION_CONDITIONS = DEBUG;
				SWIFT_OPTIMIZATION_LEVEL = "-Onone";
			};
			name = Debug;
		};
		626FA7322A14081B00C0F9AF /* Release */ = {
			isa = XCBuildConfiguration;
			buildSettings = {
				ALWAYS_SEARCH_USER_PATHS = NO;
				CLANG_ANALYZER_NONNULL = YES;
				CLANG_ANALYZER_NUMBER_OBJECT_CONVERSION = YES_AGGRESSIVE;
				CLANG_CXX_LANGUAGE_STANDARD = "gnu++20";
				CLANG_ENABLE_MODULES = YES;
				CLANG_ENABLE_OBJC_ARC = YES;
				CLANG_ENABLE_OBJC_WEAK = YES;
				CLANG_WARN_BLOCK_CAPTURE_AUTORELEASING = YES;
				CLANG_WARN_BOOL_CONVERSION = YES;
				CLANG_WARN_COMMA = YES;
				CLANG_WARN_CONSTANT_CONVERSION = YES;
				CLANG_WARN_DEPRECATED_OBJC_IMPLEMENTATIONS = YES;
				CLANG_WARN_DIRECT_OBJC_ISA_USAGE = YES_ERROR;
				CLANG_WARN_DOCUMENTATION_COMMENTS = YES;
				CLANG_WARN_EMPTY_BODY = YES;
				CLANG_WARN_ENUM_CONVERSION = YES;
				CLANG_WARN_INFINITE_RECURSION = YES;
				CLANG_WARN_INT_CONVERSION = YES;
				CLANG_WARN_NON_LITERAL_NULL_CONVERSION = YES;
				CLANG_WARN_OBJC_IMPLICIT_RETAIN_SELF = YES;
				CLANG_WARN_OBJC_LITERAL_CONVERSION = YES;
				CLANG_WARN_OBJC_ROOT_CLASS = YES_ERROR;
				CLANG_WARN_QUOTED_INCLUDE_IN_FRAMEWORK_HEADER = YES;
				CLANG_WARN_RANGE_LOOP_ANALYSIS = YES;
				CLANG_WARN_STRICT_PROTOTYPES = YES;
				CLANG_WARN_SUSPICIOUS_MOVE = YES;
				CLANG_WARN_UNGUARDED_AVAILABILITY = YES_AGGRESSIVE;
				CLANG_WARN_UNREACHABLE_CODE = YES;
				CLANG_WARN__DUPLICATE_METHOD_MATCH = YES;
				COPY_PHASE_STRIP = NO;
				DEBUG_INFORMATION_FORMAT = "dwarf-with-dsym";
				ENABLE_NS_ASSERTIONS = NO;
				ENABLE_STRICT_OBJC_MSGSEND = YES;
				GCC_C_LANGUAGE_STANDARD = gnu11;
				GCC_NO_COMMON_BLOCKS = YES;
				GCC_WARN_64_TO_32_BIT_CONVERSION = YES;
				GCC_WARN_ABOUT_RETURN_TYPE = YES_ERROR;
				GCC_WARN_UNDECLARED_SELECTOR = YES;
				GCC_WARN_UNINITIALIZED_AUTOS = YES_AGGRESSIVE;
				GCC_WARN_UNUSED_FUNCTION = YES;
				GCC_WARN_UNUSED_VARIABLE = YES;
				IPHONEOS_DEPLOYMENT_TARGET = 16.2;
				MTL_ENABLE_DEBUG_INFO = NO;
				MTL_FAST_MATH = YES;
				SDKROOT = iphoneos;
				SWIFT_COMPILATION_MODE = wholemodule;
				SWIFT_OPTIMIZATION_LEVEL = "-O";
				VALIDATE_PRODUCT = YES;
			};
			name = Release;
		};
		626FA7342A14081B00C0F9AF /* Debug */ = {
			isa = XCBuildConfiguration;
			baseConfigurationReference = 8A713096CDEC5475C7CA3652 /* Pods-AI Translate.debug.xcconfig */;
			buildSettings = {
				ASSETCATALOG_COMPILER_APPICON_NAME = AppIcon;
				ASSETCATALOG_COMPILER_GLOBAL_ACCENT_COLOR_NAME = AccentColor;
				CODE_SIGN_STYLE = Automatic;
				CURRENT_PROJECT_VERSION = 1;
				DEVELOPMENT_TEAM = DTJ5G5B67W;
				GENERATE_INFOPLIST_FILE = YES;
				INFOPLIST_FILE = "AI Translate/Info.plist";
				INFOPLIST_KEY_UIApplicationSupportsIndirectInputEvents = YES;
				INFOPLIST_KEY_UILaunchStoryboardName = LaunchScreen;
				INFOPLIST_KEY_UIMainStoryboardFile = Main;
				INFOPLIST_KEY_UISupportedInterfaceOrientations_iPad = "UIInterfaceOrientationPortrait UIInterfaceOrientationPortraitUpsideDown UIInterfaceOrientationLandscapeLeft UIInterfaceOrientationLandscapeRight";
				INFOPLIST_KEY_UISupportedInterfaceOrientations_iPhone = "UIInterfaceOrientationPortrait UIInterfaceOrientationLandscapeLeft UIInterfaceOrientationLandscapeRight";
				LD_RUNPATH_SEARCH_PATHS = (
					"$(inherited)",
					"@executable_path/Frameworks",
				);
				MARKETING_VERSION = 1.0;
				PRODUCT_BUNDLE_IDENTIFIER = "com.AndreaBottino.AI-Translate";
				PRODUCT_NAME = "$(TARGET_NAME)";
				SWIFT_EMIT_LOC_STRINGS = YES;
				SWIFT_VERSION = 5.0;
				TARGETED_DEVICE_FAMILY = "1,2";
			};
			name = Debug;
		};
		626FA7352A14081B00C0F9AF /* Release */ = {
			isa = XCBuildConfiguration;
			baseConfigurationReference = A3B3D10B5DAA06C1F025EFC2 /* Pods-AI Translate.release.xcconfig */;
			buildSettings = {
				ASSETCATALOG_COMPILER_APPICON_NAME = AppIcon;
				ASSETCATALOG_COMPILER_GLOBAL_ACCENT_COLOR_NAME = AccentColor;
				CODE_SIGN_STYLE = Automatic;
				CURRENT_PROJECT_VERSION = 1;
				DEVELOPMENT_TEAM = DTJ5G5B67W;
				GENERATE_INFOPLIST_FILE = YES;
				INFOPLIST_FILE = "AI Translate/Info.plist";
				INFOPLIST_KEY_UIApplicationSupportsIndirectInputEvents = YES;
				INFOPLIST_KEY_UILaunchStoryboardName = LaunchScreen;
				INFOPLIST_KEY_UIMainStoryboardFile = Main;
				INFOPLIST_KEY_UISupportedInterfaceOrientations_iPad = "UIInterfaceOrientationPortrait UIInterfaceOrientationPortraitUpsideDown UIInterfaceOrientationLandscapeLeft UIInterfaceOrientationLandscapeRight";
				INFOPLIST_KEY_UISupportedInterfaceOrientations_iPhone = "UIInterfaceOrientationPortrait UIInterfaceOrientationLandscapeLeft UIInterfaceOrientationLandscapeRight";
				LD_RUNPATH_SEARCH_PATHS = (
					"$(inherited)",
					"@executable_path/Frameworks",
				);
				MARKETING_VERSION = 1.0;
				PRODUCT_BUNDLE_IDENTIFIER = "com.AndreaBottino.AI-Translate";
				PRODUCT_NAME = "$(TARGET_NAME)";
				SWIFT_EMIT_LOC_STRINGS = YES;
				SWIFT_VERSION = 5.0;
				TARGETED_DEVICE_FAMILY = "1,2";
			};
			name = Release;
		};
/* End XCBuildConfiguration section */

/* Begin XCConfigurationList section */
		626FA71A2A14081A00C0F9AF /* Build configuration list for PBXProject "AI Translate" */ = {
			isa = XCConfigurationList;
			buildConfigurations = (
				626FA7312A14081B00C0F9AF /* Debug */,
				626FA7322A14081B00C0F9AF /* Release */,
			);
			defaultConfigurationIsVisible = 0;
			defaultConfigurationName = Release;
		};
		626FA7332A14081B00C0F9AF /* Build configuration list for PBXNativeTarget "AI Translate" */ = {
			isa = XCConfigurationList;
			buildConfigurations = (
				626FA7342A14081B00C0F9AF /* Debug */,
				626FA7352A14081B00C0F9AF /* Release */,
			);
			defaultConfigurationIsVisible = 0;
			defaultConfigurationName = Release;
		};
/* End XCConfigurationList section */
	};
	rootObject = 626FA7172A14081A00C0F9AF /* Project object */;
}
