// !$*UTF8*$!
{
	archiveVersion = 1;
	classes = {
	};
	objectVersion = 56;
	objects = {

/* Begin PBXBuildFile section */
		626FA7232A14081A00C0F9AF /* AppDelegate.swift in Sources */ = {isa = PBXBuildFile; fileRef = 626FA7222A14081A00C0F9AF /* AppDelegate.swift */; };
		626FA7252A14081A00C0F9AF /* SceneDelegate.swift in Sources */ = {isa = PBXBuildFile; fileRef = 626FA7242A14081A00C0F9AF /* SceneDelegate.swift */; };
		626FA7272A14081A00C0F9AF /* ViewController.swift in Sources */ = {isa = PBXBuildFile; fileRef = 626FA7262A14081A00C0F9AF /* ViewController.swift */; };
		626FA72A2A14081A00C0F9AF /* Main.storyboard in Resources */ = {isa = PBXBuildFile; fileRef = 626FA7282A14081A00C0F9AF /* Main.storyboard */; };
		626FA72C2A14081B00C0F9AF /* Assets.xcassets in Resources */ = {isa = PBXBuildFile; fileRef = 626FA72B2A14081B00C0F9AF /* Assets.xcassets */; };
		626FA72F2A14081B00C0F9AF /* LaunchScreen.storyboard in Resources */ = {isa = PBXBuildFile; fileRef = 626FA72D2A14081B00C0F9AF /* LaunchScreen.storyboard */; };
		626FA7372A14083100C0F9AF /* TranslationData.swift in Sources */ = {isa = PBXBuildFile; fileRef = 626FA7362A14083100C0F9AF /* TranslationData.swift */; };
		626FA7392A14084A00C0F9AF /* TranslationManager.swift in Sources */ = {isa = PBXBuildFile; fileRef = 626FA7382A14084A00C0F9AF /* TranslationManager.swift */; };
/* End PBXBuildFile section */

/* Begin PBXFileReference section */
		626FA71F2A14081A00C0F9AF /* AI Translate.app */ = {isa = PBXFileReference; explicitFileType = wrapper.application; includeInIndex = 0; path = "AI Translate.app"; sourceTree = BUILT_PRODUCTS_DIR; };
		626FA7222A14081A00C0F9AF /* AppDelegate.swift */ = {isa = PBXFileReference; lastKnownFileType = sourcecode.swift; path = AppDelegate.swift; sourceTree = "<group>"; };
		626FA7242A14081A00C0F9AF /* SceneDelegate.swift */ = {isa = PBXFileReference; lastKnownFileType = sourcecode.swift; path = SceneDelegate.swift; sourceTree = "<group>"; };
		626FA7262A14081A00C0F9AF /* ViewController.swift */ = {isa = PBXFileReference; lastKnownFileType = sourcecode.swift; path = ViewController.swift; sourceTree = "<group>"; };
		626FA7292A14081A00C0F9AF /* Base */ = {isa = PBXFileReference; lastKnownFileType = file.storyboard; name = Base; path = Base.lproj/Main.storyboard; sourceTree = "<group>"; };
		626FA72B2A14081B00C0F9AF /* Assets.xcassets */ = {isa = PBXFileReference; lastKnownFileType = folder.assetcatalog; path = Assets.xcassets; sourceTree = "<group>"; };
		626FA72E2A14081B00C0F9AF /* Base */ = {isa = PBXFileReference; lastKnownFileType = file.storyboard; name = Base; path = Base.lproj/LaunchScreen.storyboard; sourceTree = "<group>"; };
		626FA7302A14081B00C0F9AF /* Info.plist */ = {isa = PBXFileReference; lastKnownFileType = text.plist.xml; path = Info.plist; sourceTree = "<group>"; };
		626FA7362A14083100C0F9AF /* TranslationData.swift */ = {isa = PBXFileReference; lastKnownFileType = sourcecode.swift; path = TranslationData.swift; sourceTree = "<group>"; };
		626FA7382A14084A00C0F9AF /* TranslationManager.swift */ = {isa = PBXFileReference; lastKnownFileType = sourcecode.swift; path = TranslationManager.swift; sourceTree = "<group>"; };
/* End PBXFileReference section */

/* Begin PBXFrameworksBuildPhase section */
		626FA71C2A14081A00C0F9AF /* Frameworks */ = {
			isa = PBXFrameworksBuildPhase;
			buildActionMask = 2147483647;
			files = (
			);
			runOnlyForDeploymentPostprocessing = 0;
		};
/* End PBXFrameworksBuildPhase section */

/* Begin PBXGroup section */
		626FA7162A14081A00C0F9AF = {
			isa = PBXGroup;
			children = (
				626FA7212A14081A00C0F9AF /* AI Translate */,
				626FA7202A14081A00C0F9AF /* Products */,
			);
			sourceTree = "<group>";
		};
		626FA7202A14081A00C0F9AF /* Products */ = {
			isa = PBXGroup;
			children = (
				626FA71F2A14081A00C0F9AF /* AI Translate.app */,
			);
			name = Products;
			sourceTree = "<group>";
		};
		626FA7212A14081A00C0F9AF /* AI Translate */ = {
			isa = PBXGroup;
			children = (
				626FA7222A14081A00C0F9AF /* AppDelegate.swift */,
				626FA7242A14081A00C0F9AF /* SceneDelegate.swift */,
				626FA73A2A14085100C0F9AF /* Model */,
				626FA73B2A14085700C0F9AF /* View */,
				626FA73C2A14086200C0F9AF /* Controller */,
				626FA72B2A14081B00C0F9AF /* Assets.xcassets */,
				626FA72D2A14081B00C0F9AF /* LaunchScreen.storyboard */,
				626FA7302A14081B00C0F9AF /* Info.plist */,
			);
			path = "AI Translate";
			sourceTree = "<group>";
		};
		626FA73A2A14085100C0F9AF /* Model */ = {
			isa = PBXGroup;
			children = (
				626FA7382A14084A00C0F9AF /* TranslationManager.swift */,
				626FA7362A14083100C0F9AF /* TranslationData.swift */,
			);
			path = Model;
			sourceTree = "<group>";
		};
		626FA73B2A14085700C0F9AF /* View */ = {
			isa = PBXGroup;
			children = (
				626FA7282A14081A00C0F9AF /* Main.storyboard */,
			);
			path = View;
			sourceTree = "<group>";
		};
		626FA73C2A14086200C0F9AF /* Controller */ = {
			isa = PBXGroup;
			children = (
				626FA7262A14081A00C0F9AF /* ViewController.swift */,
			);
			path = Controller;
			sourceTree = "<group>";
		};
/* End PBXGroup section */

/* Begin PBXNativeTarget section */
		626FA71E2A14081A00C0F9AF /* AI Translate */ = {
			isa = PBXNativeTarget;
			buildConfigurationList = 626FA7332A14081B00C0F9AF /* Build configuration list for PBXNativeTarget "AI Translate" */;
			buildPhases = (
				626FA71B2A14081A00C0F9AF /* Sources */,
				626FA71C2A14081A00C0F9AF /* Frameworks */,
				626FA71D2A14081A00C0F9AF /* Resources */,
			);
			buildRules = (
			);
			dependencies = (
			);
			name = "AI Translate";
			productName = "AI Translate";
			productReference = 626FA71F2A14081A00C0F9AF /* AI Translate.app */;
			productType = "com.apple.product-type.application";
		};
/* End PBXNativeTarget section */

/* Begin PBXProject section */
		626FA7172A14081A00C0F9AF /* Project object */ = {
			isa = PBXProject;
			attributes = {
				BuildIndependentTargetsInParallel = 1;
				LastSwiftUpdateCheck = 1420;
				LastUpgradeCheck = 1420;
				TargetAttributes = {
					626FA71E2A14081A00C0F9AF = {
						CreatedOnToolsVersion = 14.2;
					};
				};
			};
			buildConfigurationList = 626FA71A2A14081A00C0F9AF /* Build configuration list for PBXProject "AI Translate" */;
			compatibilityVersion = "Xcode 14.0";
			developmentRegion = en;
			hasScannedForEncodings = 0;
			knownRegions = (
				en,
				Base,
			);
			mainGroup = 626FA7162A14081A00C0F9AF;
			productRefGroup = 626FA7202A14081A00C0F9AF /* Products */;
			projectDirPath = "";
			projectRoot = "";
			targets = (
				626FA71E2A14081A00C0F9AF /* AI Translate */,
			);
		};
/* End PBXProject section */

/* Begin PBXResourcesBuildPhase section */
		626FA71D2A14081A00C0F9AF /* Resources */ = {
			isa = PBXResourcesBuildPhase;
			buildActionMask = 2147483647;
			files = (
				626FA72F2A14081B00C0F9AF /* LaunchScreen.storyboard in Resources */,
				626FA72C2A14081B00C0F9AF /* Assets.xcassets in Resources */,
				626FA72A2A14081A00C0F9AF /* Main.storyboard in Resources */,
			);
			runOnlyForDeploymentPostprocessing = 0;
		};
/* End PBXResourcesBuildPhase section */

/* Begin PBXSourcesBuildPhase section */
		626FA71B2A14081A00C0F9AF /* Sources */ = {
			isa = PBXSourcesBuildPhase;
			buildActionMask = 2147483647;
			files = (
				626FA7272A14081A00C0F9AF /* ViewController.swift in Sources */,
				626FA7372A14083100C0F9AF /* TranslationData.swift in Sources */,
				626FA7392A14084A00C0F9AF /* TranslationManager.swift in Sources */,
				626FA7232A14081A00C0F9AF /* AppDelegate.swift in Sources */,
				626FA7252A14081A00C0F9AF /* SceneDelegate.swift in Sources */,
			);
			runOnlyForDeploymentPostprocessing = 0;
		};
/* End PBXSourcesBuildPhase section */

/* Begin PBXVariantGroup section */
		626FA7282A14081A00C0F9AF /* Main.storyboard */ = {
			isa = PBXVariantGroup;
			children = (
				626FA7292A14081A00C0F9AF /* Base */,
			);
			name = Main.storyboard;
			sourceTree = "<group>";
		};
		626FA72D2A14081B00C0F9AF /* LaunchScreen.storyboard */ = {
			isa = PBXVariantGroup;
			children = (
				626FA72E2A14081B00C0F9AF /* Base */,
			);
			name = LaunchScreen.storyboard;
			sourceTree = "<group>";
		};
/* End PBXVariantGroup section */

/* Begin XCBuildConfiguration section */
		626FA7312A14081B00C0F9AF /* Debug */ = {
			isa = XCBuildConfiguration;
			buildSettings = {
				ALWAYS_SEARCH_USER_PATHS = NO;
				CLANG_ANALYZER_NONNULL = YES;
				CLANG_ANALYZER_NUMBER_OBJECT_CONVERSION = YES_AGGRESSIVE;
				CLANG_CXX_LANGUAGE_STANDARD = "gnu++20";
				CLANG_ENABLE_MODULES = YES;
				CLANG_ENABLE_OBJC_ARC = YES;
				CLANG_ENABLE_OBJC_WEAK = YES;
				CLANG_WARN_BLOCK_CAPTURE_AUTORELEASING = YES;
				CLANG_WARN_BOOL_CONVERSION = YES;
				CLANG_WARN_COMMA = YES;
				CLANG_WARN_CONSTANT_CONVERSION = YES;
				CLANG_WARN_DEPRECATED_OBJC_IMPLEMENTATIONS = YES;
				CLANG_WARN_DIRECT_OBJC_ISA_USAGE = YES_ERROR;
				CLANG_WARN_DOCUMENTATION_COMMENTS = YES;
				CLANG_WARN_EMPTY_BODY = YES;
				CLANG_WARN_ENUM_CONVERSION = YES;
				CLANG_WARN_INFINITE_RECURSION = YES;
				CLANG_WARN_INT_CONVERSION = YES;
				CLANG_WARN_NON_LITERAL_NULL_CONVERSION = YES;
				CLANG_WARN_OBJC_IMPLICIT_RETAIN_SELF = YES;
				CLANG_WARN_OBJC_LITERAL_CONVERSION = YES;
				CLANG_WARN_OBJC_ROOT_CLASS = YES_ERROR;
				CLANG_WARN_QUOTED_INCLUDE_IN_FRAMEWORK_HEADER = YES;
				CLANG_WARN_RANGE_LOOP_ANALYSIS = YES;
				CLANG_WARN_STRICT_PROTOTYPES = YES;
				CLANG_WARN_SUSPICIOUS_MOVE = YES;
				CLANG_WARN_UNGUARDED_AVAILABILITY = YES_AGGRESSIVE;
				CLANG_WARN_UNREACHABLE_CODE = YES;
				CLANG_WARN__DUPLICATE_METHOD_MATCH = YES;
				COPY_PHASE_STRIP = NO;
				DEBUG_INFORMATION_FORMAT = dwarf;
				ENABLE_STRICT_OBJC_MSGSEND = YES;
				ENABLE_TESTABILITY = YES;
				GCC_C_LANGUAGE_STANDARD = gnu11;
				GCC_DYNAMIC_NO_PIC = NO;
				GCC_NO_COMMON_BLOCKS = YES;
				GCC_OPTIMIZATION_LEVEL = 0;
				GCC_PREPROCESSOR_DEFINITIONS = (
					"DEBUG=1",
					"$(inherited)",
				);
				GCC_WARN_64_TO_32_BIT_CONVERSION = YES;
				GCC_WARN_ABOUT_RETURN_TYPE = YES_ERROR;
				GCC_WARN_UNDECLARED_SELECTOR = YES;
				GCC_WARN_UNINITIALIZED_AUTOS = YES_AGGRESSIVE;
				GCC_WARN_UNUSED_FUNCTION = YES;
				GCC_WARN_UNUSED_VARIABLE = YES;
				IPHONEOS_DEPLOYMENT_TARGET = 16.2;
				MTL_ENABLE_DEBUG_INFO = INCLUDE_SOURCE;
				MTL_FAST_MATH = YES;
				ONLY_ACTIVE_ARCH = YES;
				SDKROOT = iphoneos;
				SWIFT_ACTIVE_COMPILATION_CONDITIONS = DEBUG;
				SWIFT_OPTIMIZATION_LEVEL = "-Onone";
			};
			name = Debug;
		};
		626FA7322A14081B00C0F9AF /* Release */ = {
			isa = XCBuildConfiguration;
			buildSettings = {
				ALWAYS_SEARCH_USER_PATHS = NO;
				CLANG_ANALYZER_NONNULL = YES;
				CLANG_ANALYZER_NUMBER_OBJECT_CONVERSION = YES_AGGRESSIVE;
				CLANG_CXX_LANGUAGE_STANDARD = "gnu++20";
				CLANG_ENABLE_MODULES = YES;
				CLANG_ENABLE_OBJC_ARC = YES;
				CLANG_ENABLE_OBJC_WEAK = YES;
				CLANG_WARN_BLOCK_CAPTURE_AUTORELEASING = YES;
				CLANG_WARN_BOOL_CONVERSION = YES;
				CLANG_WARN_COMMA = YES;
				CLANG_WARN_CONSTANT_CONVERSION = YES;
				CLANG_WARN_DEPRECATED_OBJC_IMPLEMENTATIONS = YES;
				CLANG_WARN_DIRECT_OBJC_ISA_USAGE = YES_ERROR;
				CLANG_WARN_DOCUMENTATION_COMMENTS = YES;
				CLANG_WARN_EMPTY_BODY = YES;
				CLANG_WARN_ENUM_CONVERSION = YES;
				CLANG_WARN_INFINITE_RECURSION = YES;
				CLANG_WARN_INT_CONVERSION = YES;
				CLANG_WARN_NON_LITERAL_NULL_CONVERSION = YES;
				CLANG_WARN_OBJC_IMPLICIT_RETAIN_SELF = YES;
				CLANG_WARN_OBJC_LITERAL_CONVERSION = YES;
				CLANG_WARN_OBJC_ROOT_CLASS = YES_ERROR;
				CLANG_WARN_QUOTED_INCLUDE_IN_FRAMEWORK_HEADER = YES;
				CLANG_WARN_RANGE_LOOP_ANALYSIS = YES;
				CLANG_WARN_STRICT_PROTOTYPES = YES;
				CLANG_WARN_SUSPICIOUS_MOVE = YES;
				CLANG_WARN_UNGUARDED_AVAILABILITY = YES_AGGRESSIVE;
				CLANG_WARN_UNREACHABLE_CODE = YES;
				CLANG_WARN__DUPLICATE_METHOD_MATCH = YES;
				COPY_PHASE_STRIP = NO;
				DEBUG_INFORMATION_FORMAT = "dwarf-with-dsym";
				ENABLE_NS_ASSERTIONS = NO;
				ENABLE_STRICT_OBJC_MSGSEND = YES;
				GCC_C_LANGUAGE_STANDARD = gnu11;
				GCC_NO_COMMON_BLOCKS = YES;
				GCC_WARN_64_TO_32_BIT_CONVERSION = YES;
				GCC_WARN_ABOUT_RETURN_TYPE = YES_ERROR;
				GCC_WARN_UNDECLARED_SELECTOR = YES;
				GCC_WARN_UNINITIALIZED_AUTOS = YES_AGGRESSIVE;
				GCC_WARN_UNUSED_FUNCTION = YES;
				GCC_WARN_UNUSED_VARIABLE = YES;
				IPHONEOS_DEPLOYMENT_TARGET = 16.2;
				MTL_ENABLE_DEBUG_INFO = NO;
				MTL_FAST_MATH = YES;
				SDKROOT = iphoneos;
				SWIFT_COMPILATION_MODE = wholemodule;
				SWIFT_OPTIMIZATION_LEVEL = "-O";
				VALIDATE_PRODUCT = YES;
			};
			name = Release;
		};
		626FA7342A14081B00C0F9AF /* Debug */ = {
			isa = XCBuildConfiguration;
			buildSettings = {
				ASSETCATALOG_COMPILER_APPICON_NAME = AppIcon;
				ASSETCATALOG_COMPILER_GLOBAL_ACCENT_COLOR_NAME = AccentColor;
				CODE_SIGN_STYLE = Automatic;
				CURRENT_PROJECT_VERSION = 1;
				DEVELOPMENT_TEAM = DTJ5G5B67W;
				GENERATE_INFOPLIST_FILE = YES;
				INFOPLIST_FILE = "AI Translate/Info.plist";
				INFOPLIST_KEY_UIApplicationSupportsIndirectInputEvents = YES;
				INFOPLIST_KEY_UILaunchStoryboardName = LaunchScreen;
				INFOPLIST_KEY_UIMainStoryboardFile = Main;
				INFOPLIST_KEY_UISupportedInterfaceOrientations_iPad = "UIInterfaceOrientationPortrait UIInterfaceOrientationPortraitUpsideDown UIInterfaceOrientationLandscapeLeft UIInterfaceOrientationLandscapeRight";
				INFOPLIST_KEY_UISupportedInterfaceOrientations_iPhone = "UIInterfaceOrientationPortrait UIInterfaceOrientationLandscapeLeft UIInterfaceOrientationLandscapeRight";
				LD_RUNPATH_SEARCH_PATHS = (
					"$(inherited)",
					"@executable_path/Frameworks",
				);
				MARKETING_VERSION = 1.0;
				PRODUCT_BUNDLE_IDENTIFIER = "com.AndreaBottino.AI-Translate";
				PRODUCT_NAME = "$(TARGET_NAME)";
				SWIFT_EMIT_LOC_STRINGS = YES;
				SWIFT_VERSION = 5.0;
				TARGETED_DEVICE_FAMILY = "1,2";
			};
			name = Debug;
		};
		626FA7352A14081B00C0F9AF /* Release */ = {
			isa = XCBuildConfiguration;
			buildSettings = {
				ASSETCATALOG_COMPILER_APPICON_NAME = AppIcon;
				ASSETCATALOG_COMPILER_GLOBAL_ACCENT_COLOR_NAME = AccentColor;
				CODE_SIGN_STYLE = Automatic;
				CURRENT_PROJECT_VERSION = 1;
				DEVELOPMENT_TEAM = DTJ5G5B67W;
				GENERATE_INFOPLIST_FILE = YES;
				INFOPLIST_FILE = "AI Translate/Info.plist";
				INFOPLIST_KEY_UIApplicationSupportsIndirectInputEvents = YES;
				INFOPLIST_KEY_UILaunchStoryboardName = LaunchScreen;
				INFOPLIST_KEY_UIMainStoryboardFile = Main;
				INFOPLIST_KEY_UISupportedInterfaceOrientations_iPad = "UIInterfaceOrientationPortrait UIInterfaceOrientationPortraitUpsideDown UIInterfaceOrientationLandscapeLeft UIInterfaceOrientationLandscapeRight";
				INFOPLIST_KEY_UISupportedInterfaceOrientations_iPhone = "UIInterfaceOrientationPortrait UIInterfaceOrientationLandscapeLeft UIInterfaceOrientationLandscapeRight";
				LD_RUNPATH_SEARCH_PATHS = (
					"$(inherited)",
					"@executable_path/Frameworks",
				);
				MARKETING_VERSION = 1.0;
				PRODUCT_BUNDLE_IDENTIFIER = "com.AndreaBottino.AI-Translate";
				PRODUCT_NAME = "$(TARGET_NAME)";
				SWIFT_EMIT_LOC_STRINGS = YES;
				SWIFT_VERSION = 5.0;
				TARGETED_DEVICE_FAMILY = "1,2";
			};
			name = Release;
		};
/* End XCBuildConfiguration section */

/* Begin XCConfigurationList section */
		626FA71A2A14081A00C0F9AF /* Build configuration list for PBXProject "AI Translate" */ = {
			isa = XCConfigurationList;
			buildConfigurations = (
				626FA7312A14081B00C0F9AF /* Debug */,
				626FA7322A14081B00C0F9AF /* Release */,
			);
			defaultConfigurationIsVisible = 0;
			defaultConfigurationName = Release;
		};
		626FA7332A14081B00C0F9AF /* Build configuration list for PBXNativeTarget "AI Translate" */ = {
			isa = XCConfigurationList;
			buildConfigurations = (
				626FA7342A14081B00C0F9AF /* Debug */,
				626FA7352A14081B00C0F9AF /* Release */,
			);
			defaultConfigurationIsVisible = 0;
			defaultConfigurationName = Release;
		};
/* End XCConfigurationList section */
	};
	rootObject = 626FA7172A14081A00C0F9AF /* Project object */;
}
